apiVersion: v0
kind: ImagesLock
metadata:
  generatedAt: "2025-05-13T14:00:39.365878Z"
  generatedBy: Distribution Tooling for Helm
chart:
  name: alloy
  version: 0.10.0
  appVersion: v1.5.0
images:
  - name: alloy
    image: docker.io/grafana/alloy:v1.8.3
    chart: alloy
    digests:
      - digest: sha256:269de4bba113e0b13b9e2799956e35ca233f686004cd4251e1dafe1b6b01044d
        arch: linux/amd64
  - name: configmap-reload
    image: registry1.dso.mil/ironbank/opensource/jimmidyson/configmap-reload:v0.15.0
    chart: alloy
    digests:
      - digest: sha256:f1143fb77a7f393ef75fa62dea5be8a43233d4fd6b51e37e772d0458da4c6f2d
        arch: linux/amd64
